
Microsoft Visual Studio Solution File, Format Version 12.00
# Visual Studio 15
VisualStudioVersion = 15.0.27703.2018
MinimumVisualStudioVersion = 10.0.40219.1
Project("{FAE04EC0-301F-11D3-BF4B-00C04F79EFBC}") = "SenderApp", "SenderApp\SenderApp.csproj", "{02145ECE-03CF-4D27-8DCF-30560D02FB5D}"
EndProject
Global
	GlobalSection(SolutionConfigurationPlatforms) = preSolution
		Debug|Any CPU = Debug|Any CPU
		Release|Any CPU = Release|Any CPU
	EndGlobalSection
	GlobalSection(ProjectConfigurationPlatforms) = postSolution
		{02145ECE-03CF-4D27-8DCF-30560D02FB5D}.Debug|Any CPU.ActiveCfg = Debug|Any CPU
		{02145ECE-03CF-4D27-8DCF-30560D02FB5D}.Debug|Any CPU.Build.0 = Debug|Any CPU
		{02145ECE-03CF-4D27-8DCF-30560D02FB5D}.Release|Any CPU.ActiveCfg = Release|Any CPU
		{02145ECE-03CF-4D27-8DCF-30560D02FB5D}.Release|Any CPU.Build.0 = Release|Any CPU
	EndGlobalSection
	GlobalSection(SolutionProperties) = preSolution
		HideSolutionNode = FALSE
	EndGlobalSection
	GlobalSection(ExtensibilityGlobals) = postSolution
		SolutionGuid = {1FFA40A2-9BBD-456A-A640-13EBAACE44A2}
	EndGlobalSection
EndGlobal
